{
  "name": "wif-v0.2.0-headless-host-qualification",
  "version": "1.0.0",
  "lockfileVersion": 3,
  "requires": true,
  "packages": {
    "": {
      "name": "wif-v0.2.0-headless-host-qualification",
      "version": "1.0.0",
      "dependencies": {
        "web-interactive-flow": "0.2.0"
      },
      "engines": {
        "node": "24.19.0"
      }
    },
    "node_modules/web-interactive-flow": {
      "version": "0.2.0",
      "resolved": "https://registry.npmjs.org/web-interactive-flow/-/web-interactive-flow-0.2.0.tgz",
      "integrity": "sha512-uwdHSxsfNFzgbDyGwj26U8TgG1tcCK6+P46bE2rxjA7HZyZDhkPk+mUYc/dXOeTC1fvQhIdQWhuNgPqems3IJg==",
      "license": "MIT",
      "peerDependencies": {
        "@react-three/fiber": "9.8.0"
      },
      "peerDependenciesMeta": {
        "@react-three/fiber": {
          "optional": true
        }
      }
    }
  }
}
